
Microsoft Visual Studio Solution File, Format Version 12.00
# Visual Studio Version 17
VisualStudioVersion = 17.4.33103.184
MinimumVisualStudioVersion = 10.0.40219.1
Project("{FAE04EC0-301F-11D3-BF4B-00C04F79EFBC}") = "RealWorldUnitTest.Web", "RealWorldUnitTest.Web\RealWorldUnitTest.Web.csproj", "{415DA843-0ADF-4B4D-92CD-E691A18A4640}"
EndProject
Global
	GlobalSection(SolutionConfigurationPlatforms) = preSolution
		Debug|Any CPU = Debug|Any CPU
		Release|Any CPU = Release|Any CPU
	EndGlobalSection
	GlobalSection(ProjectConfigurationPlatforms) = postSolution
		{415DA843-0ADF-4B4D-92CD-E691A18A4640}.Debug|Any CPU.ActiveCfg = Debug|Any CPU
		{415DA843-0ADF-4B4D-92CD-E691A18A4640}.Debug|Any CPU.Build.0 = Debug|Any CPU
		{415DA843-0ADF-4B4D-92CD-E691A18A4640}.Release|Any CPU.ActiveCfg = Release|Any CPU
		{415DA843-0ADF-4B4D-92CD-E691A18A4640}.Release|Any CPU.Build.0 = Release|Any CPU
	EndGlobalSection
	GlobalSection(SolutionProperties) = preSolution
		HideSolutionNode = FALSE
	EndGlobalSection
	GlobalSection(ExtensibilityGlobals) = postSolution
		SolutionGuid = {5DCC5425-7446-4B63-A3C7-74E30F850E89}
	EndGlobalSection
EndGlobal
